	
Microsoft Visual Studio Solution File, Format Version 12.00
# Visual Studio Version 17
VisualStudioVersion = 17.10.35027.167
MinimumVisualStudioVersion = 10.0.40219.1
Project("{FAE04EC0-301F-11D3-BF4B-00C04F79EFBC}") = "Syncify.Web.Server", "Syncify.Web.Server\Syncify.Web.Server.csproj", "{6E45A502-329C-46E9-9627-62C8970F00C2}"
EndProject
Project("{54A90642-561A-4BB1-A94E-469ADEE60C69}") = "syncify.web.client", "syncify.web.client\syncify.web.client.esproj", "{ED492F6A-AA14-400B-810E-52CF6D86CBEC}"
EndProject
Project("{FAE04EC0-301F-11D3-BF4B-00C04F79EFBC}") = "Syncify.Common", "Syncify.Common\Syncify.Common.csproj", "{011A6E4B-540C-4553-9457-0FF144F4BAC0}"
EndProject
Global
	GlobalSection(SolutionConfigurationPlatforms) = preSolution
		Debug|Any CPU = Debug|Any CPU
		Release|Any CPU = Release|Any CPU
	EndGlobalSection
	GlobalSection(ProjectConfigurationPlatforms) = postSolution
		{6E45A502-329C-46E9-9627-62C8970F00C2}.Debug|Any CPU.ActiveCfg = Debug|Any CPU
		{6E45A502-329C-46E9-9627-62C8970F00C2}.Debug|Any CPU.Build.0 = Debug|Any CPU
		{6E45A502-329C-46E9-9627-62C8970F00C2}.Release|Any CPU.ActiveCfg = Release|Any CPU
		{6E45A502-329C-46E9-9627-62C8970F00C2}.Release|Any CPU.Build.0 = Release|Any CPU
		{ED492F6A-AA14-400B-810E-52CF6D86CBEC}.Debug|Any CPU.ActiveCfg = Debug|Any CPU
		{ED492F6A-AA14-400B-810E-52CF6D86CBEC}.Debug|Any CPU.Build.0 = Debug|Any CPU
		{ED492F6A-AA14-400B-810E-52CF6D86CBEC}.Debug|Any CPU.Deploy.0 = Debug|Any CPU
		{ED492F6A-AA14-400B-810E-52CF6D86CBEC}.Release|Any CPU.ActiveCfg = Release|Any CPU
		{ED492F6A-AA14-400B-810E-52CF6D86CBEC}.Release|Any CPU.Build.0 = Release|Any CPU
		{ED492F6A-AA14-400B-810E-52CF6D86CBEC}.Release|Any CPU.Deploy.0 = Release|Any CPU
		{011A6E4B-540C-4553-9457-0FF144F4BAC0}.Debug|Any CPU.ActiveCfg = Debug|Any CPU
		{011A6E4B-540C-4553-9457-0FF144F4BAC0}.Debug|Any CPU.Build.0 = Debug|Any CPU
		{011A6E4B-540C-4553-9457-0FF144F4BAC0}.Release|Any CPU.ActiveCfg = Release|Any CPU
		{011A6E4B-540C-4553-9457-0FF144F4BAC0}.Release|Any CPU.Build.0 = Release|Any CPU
	EndGlobalSection
	GlobalSection(SolutionProperties) = preSolution
		HideSolutionNode = FALSE
	EndGlobalSection
	GlobalSection(ExtensibilityGlobals) = postSolution
		SolutionGuid = {20DB3AC5-4254-479E-8FED-F245D88F41F6}
	EndGlobalSection
EndGlobal
